
Microsoft Visual Studio Solution File, Format Version 12.00
# Visual Studio Version 17
VisualStudioVersion = 17.9.34310.174
MinimumVisualStudioVersion = 10.0.40219.1
Project("{FAE04EC0-301F-11D3-BF4B-00C04F79EFBC}") = "BlazorCRUD", "BlazorCRUD\BlazorCRUD.csproj", "{36973A8E-7D66-48BF-ADF4-B65E610339BC}"
EndProject
Global
	GlobalSection(SolutionConfigurationPlatforms) = preSolution
		Debug|Any CPU = Debug|Any CPU
		Release|Any CPU = Release|Any CPU
	EndGlobalSection
	GlobalSection(ProjectConfigurationPlatforms) = postSolution
		{36973A8E-7D66-48BF-ADF4-B65E610339BC}.Debug|Any CPU.ActiveCfg = Debug|Any CPU
		{36973A8E-7D66-48BF-ADF4-B65E610339BC}.Debug|Any CPU.Build.0 = Debug|Any CPU
		{36973A8E-7D66-48BF-ADF4-B65E610339BC}.Release|Any CPU.ActiveCfg = Release|Any CPU
		{36973A8E-7D66-48BF-ADF4-B65E610339BC}.Release|Any CPU.Build.0 = Release|Any CPU
	EndGlobalSection
	GlobalSection(SolutionProperties) = preSolution
		HideSolutionNode = FALSE
	EndGlobalSection
	GlobalSection(ExtensibilityGlobals) = postSolution
		SolutionGuid = {F063F6C5-5D44-48D9-A623-90BA439194C4}
	EndGlobalSection
EndGlobal
